
Microsoft Visual Studio Solution File, Format Version 12.00
# Visual Studio 15
VisualStudioVersion = 15.0.27130.2027
MinimumVisualStudioVersion = 10.0.40219.1
Project("{FAE04EC0-301F-11D3-BF4B-00C04F79EFBC}") = "LoginUser", "LoginUser\LoginUser.csproj", "{38B9EA8B-0DA5-42A5-BD36-43DC4D622B03}"
EndProject
Global
	GlobalSection(SolutionConfigurationPlatforms) = preSolution
		Debug|Any CPU = Debug|Any CPU
		Release|Any CPU = Release|Any CPU
	EndGlobalSection
	GlobalSection(ProjectConfigurationPlatforms) = postSolution
		{38B9EA8B-0DA5-42A5-BD36-43DC4D622B03}.Debug|Any CPU.ActiveCfg = Debug|Any CPU
		{38B9EA8B-0DA5-42A5-BD36-43DC4D622B03}.Debug|Any CPU.Build.0 = Debug|Any CPU
		{38B9EA8B-0DA5-42A5-BD36-43DC4D622B03}.Release|Any CPU.ActiveCfg = Release|Any CPU
		{38B9EA8B-0DA5-42A5-BD36-43DC4D622B03}.Release|Any CPU.Build.0 = Release|Any CPU
	EndGlobalSection
	GlobalSection(SolutionProperties) = preSolution
		HideSolutionNode = FALSE
	EndGlobalSection
	GlobalSection(ExtensibilityGlobals) = postSolution
		SolutionGuid = {7BDE4F0B-DFA0-46E0-9327-99DA5C49767A}
	EndGlobalSection
EndGlobal
